
Microsoft Visual Studio Solution File, Format Version 12.00
# Visual Studio Version 16
VisualStudioVersion = 16.0.31105.61
MinimumVisualStudioVersion = 10.0.40219.1
Project("{FAE04EC0-301F-11D3-BF4B-00C04F79EFBC}") = "Project", "Project.csproj", "{434CB5DA-C8C3-4941-A7F8-08178D39B7FB}"
EndProject
Project("{FAE04EC0-301F-11D3-BF4B-00C04F79EFBC}") = "Project.DAL", "..\Project.DAL\Project.DAL.csproj", "{0A070CD3-8402-4F22-95AC-6964BD2EF02B}"
EndProject
Global
	GlobalSection(SolutionConfigurationPlatforms) = preSolution
		Debug|Any CPU = Debug|Any CPU
		Release|Any CPU = Release|Any CPU
	EndGlobalSection
	GlobalSection(ProjectConfigurationPlatforms) = postSolution
		{434CB5DA-C8C3-4941-A7F8-08178D39B7FB}.Debug|Any CPU.ActiveCfg = Debug|Any CPU
		{434CB5DA-C8C3-4941-A7F8-08178D39B7FB}.Debug|Any CPU.Build.0 = Debug|Any CPU
		{434CB5DA-C8C3-4941-A7F8-08178D39B7FB}.Release|Any CPU.ActiveCfg = Release|Any CPU
		{434CB5DA-C8C3-4941-A7F8-08178D39B7FB}.Release|Any CPU.Build.0 = Release|Any CPU
		{0A070CD3-8402-4F22-95AC-6964BD2EF02B}.Debug|Any CPU.ActiveCfg = Debug|Any CPU
		{0A070CD3-8402-4F22-95AC-6964BD2EF02B}.Debug|Any CPU.Build.0 = Debug|Any CPU
		{0A070CD3-8402-4F22-95AC-6964BD2EF02B}.Release|Any CPU.ActiveCfg = Release|Any CPU
		{0A070CD3-8402-4F22-95AC-6964BD2EF02B}.Release|Any CPU.Build.0 = Release|Any CPU
	EndGlobalSection
	GlobalSection(SolutionProperties) = preSolution
		HideSolutionNode = FALSE
	EndGlobalSection
	GlobalSection(ExtensibilityGlobals) = postSolution
		SolutionGuid = {E4EE7994-92C7-4276-80B4-D01FFCDC5504}
	EndGlobalSection
EndGlobal
